
Microsoft Visual Studio Solution File, Format Version 12.00
# Visual Studio Version 17
VisualStudioVersion = 17.0.31903.59
MinimumVisualStudioVersion = 10.0.40219.1
Project("{FAE04EC0-301F-11D3-BF4B-00C04F79EFBC}") = "Demo.Api", "src\API\Demo.Api.csproj", "{C5B17A21-CBDD-4A91-99AE-55305118F0D9}"
EndProject
Project("{FAE04EC0-301F-11D3-BF4B-00C04F79EFBC}") = "Demo.Domain", "src\Domain\Demo.Domain.csproj", "{2C13C069-5683-4A7A-A4BD-36CA127760AC}"
EndProject
Project("{FAE04EC0-301F-11D3-BF4B-00C04F79EFBC}") = "Demo.Application", "src\Application\Demo.Application.csproj", "{681ED7C8-0D21-4BF2-966B-97FB70F1A4D7}"
EndProject
Project("{FAE04EC0-301F-11D3-BF4B-00C04F79EFBC}") = "Demo.Infrastructure", "src\Infrastructure\Demo.Infrastructure.csproj", "{763B3119-F743-445B-92D8-AAA13A49084E}"
EndProject
Project("{2150E333-8FDC-42A3-9474-1A3956D46DE8}") = "tests", "tests", "{0AB3BF05-4346-4AA6-1389-037BE0695223}"
EndProject
Project("{2150E333-8FDC-42A3-9474-1A3956D46DE8}") = "Application.Tests", "Application.Tests", "{E54C5156-A79F-F12B-3B9F-7475A4B81BB0}"
EndProject
Project("{FAE04EC0-301F-11D3-BF4B-00C04F79EFBC}") = "Demo.Application.Tests", "tests\Application.Tests\Demo.Application.Tests.csproj", "{AC7CBFE0-5F81-4147-8160-C5E7FE39BEF8}"
EndProject
Global
	GlobalSection(SolutionConfigurationPlatforms) = preSolution
		Debug|Any CPU = Debug|Any CPU
		Debug|x64 = Debug|x64
		Debug|x86 = Debug|x86
		Release|Any CPU = Release|Any CPU
		Release|x64 = Release|x64
		Release|x86 = Release|x86
	EndGlobalSection
	GlobalSection(ProjectConfigurationPlatforms) = postSolution
		{C5B17A21-CBDD-4A91-99AE-55305118F0D9}.Debug|Any CPU.ActiveCfg = Debug|Any CPU
		{C5B17A21-CBDD-4A91-99AE-55305118F0D9}.Debug|Any CPU.Build.0 = Debug|Any CPU
		{C5B17A21-CBDD-4A91-99AE-55305118F0D9}.Debug|x64.ActiveCfg = Debug|Any CPU
		{C5B17A21-CBDD-4A91-99AE-55305118F0D9}.Debug|x64.Build.0 = Debug|Any CPU
		{C5B17A21-CBDD-4A91-99AE-55305118F0D9}.Debug|x86.ActiveCfg = Debug|Any CPU
		{C5B17A21-CBDD-4A91-99AE-55305118F0D9}.Debug|x86.Build.0 = Debug|Any CPU
		{C5B17A21-CBDD-4A91-99AE-55305118F0D9}.Release|Any CPU.ActiveCfg = Release|Any CPU
		{C5B17A21-CBDD-4A91-99AE-55305118F0D9}.Release|Any CPU.Build.0 = Release|Any CPU
		{C5B17A21-CBDD-4A91-99AE-55305118F0D9}.Release|x64.ActiveCfg = Release|Any CPU
		{C5B17A21-CBDD-4A91-99AE-55305118F0D9}.Release|x64.Build.0 = Release|Any CPU
		{C5B17A21-CBDD-4A91-99AE-55305118F0D9}.Release|x86.ActiveCfg = Release|Any CPU
		{C5B17A21-CBDD-4A91-99AE-55305118F0D9}.Release|x86.Build.0 = Release|Any CPU
		{2C13C069-5683-4A7A-A4BD-36CA127760AC}.Debug|Any CPU.ActiveCfg = Debug|Any CPU
		{2C13C069-5683-4A7A-A4BD-36CA127760AC}.Debug|Any CPU.Build.0 = Debug|Any CPU
		{2C13C069-5683-4A7A-A4BD-36CA127760AC}.Debug|x64.ActiveCfg = Debug|Any CPU
		{2C13C069-5683-4A7A-A4BD-36CA127760AC}.Debug|x64.Build.0 = Debug|Any CPU
		{2C13C069-5683-4A7A-A4BD-36CA127760AC}.Debug|x86.ActiveCfg = Debug|Any CPU
		{2C13C069-5683-4A7A-A4BD-36CA127760AC}.Debug|x86.Build.0 = Debug|Any CPU
		{2C13C069-5683-4A7A-A4BD-36CA127760AC}.Release|Any CPU.ActiveCfg = Release|Any CPU
		{2C13C069-5683-4A7A-A4BD-36CA127760AC}.Release|Any CPU.Build.0 = Release|Any CPU
		{2C13C069-5683-4A7A-A4BD-36CA127760AC}.Release|x64.ActiveCfg = Release|Any CPU
		{2C13C069-5683-4A7A-A4BD-36CA127760AC}.Release|x64.Build.0 = Release|Any CPU
		{2C13C069-5683-4A7A-A4BD-36CA127760AC}.Release|x86.ActiveCfg = Release|Any CPU
		{2C13C069-5683-4A7A-A4BD-36CA127760AC}.Release|x86.Build.0 = Release|Any CPU
		{681ED7C8-0D21-4BF2-966B-97FB70F1A4D7}.Debug|Any CPU.ActiveCfg = Debug|Any CPU
		{681ED7C8-0D21-4BF2-966B-97FB70F1A4D7}.Debug|Any CPU.Build.0 = Debug|Any CPU
		{681ED7C8-0D21-4BF2-966B-97FB70F1A4D7}.Debug|x64.ActiveCfg = Debug|Any CPU
		{681ED7C8-0D21-4BF2-966B-97FB70F1A4D7}.Debug|x64.Build.0 = Debug|Any CPU
		{681ED7C8-0D21-4BF2-966B-97FB70F1A4D7}.Debug|x86.ActiveCfg = Debug|Any CPU
		{681ED7C8-0D21-4BF2-966B-97FB70F1A4D7}.Debug|x86.Build.0 = Debug|Any CPU
		{681ED7C8-0D21-4BF2-966B-97FB70F1A4D7}.Release|Any CPU.ActiveCfg = Release|Any CPU
		{681ED7C8-0D21-4BF2-966B-97FB70F1A4D7}.Release|Any CPU.Build.0 = Release|Any CPU
		{681ED7C8-0D21-4BF2-966B-97FB70F1A4D7}.Release|x64.ActiveCfg = Release|Any CPU
		{681ED7C8-0D21-4BF2-966B-97FB70F1A4D7}.Release|x64.Build.0 = Release|Any CPU
		{681ED7C8-0D21-4BF2-966B-97FB70F1A4D7}.Release|x86.ActiveCfg = Release|Any CPU
		{681ED7C8-0D21-4BF2-966B-97FB70F1A4D7}.Release|x86.Build.0 = Release|Any CPU
		{763B3119-F743-445B-92D8-AAA13A49084E}.Debug|Any CPU.ActiveCfg = Debug|Any CPU
		{763B3119-F743-445B-92D8-AAA13A49084E}.Debug|Any CPU.Build.0 = Debug|Any CPU
		{763B3119-F743-445B-92D8-AAA13A49084E}.Debug|x64.ActiveCfg = Debug|Any CPU
		{763B3119-F743-445B-92D8-AAA13A49084E}.Debug|x64.Build.0 = Debug|Any CPU
		{763B3119-F743-445B-92D8-AAA13A49084E}.Debug|x86.ActiveCfg = Debug|Any CPU
		{763B3119-F743-445B-92D8-AAA13A49084E}.Debug|x86.Build.0 = Debug|Any CPU
		{763B3119-F743-445B-92D8-AAA13A49084E}.Release|Any CPU.ActiveCfg = Release|Any CPU
		{763B3119-F743-445B-92D8-AAA13A49084E}.Release|Any CPU.Build.0 = Release|Any CPU
		{763B3119-F743-445B-92D8-AAA13A49084E}.Release|x64.ActiveCfg = Release|Any CPU
		{763B3119-F743-445B-92D8-AAA13A49084E}.Release|x64.Build.0 = Release|Any CPU
		{763B3119-F743-445B-92D8-AAA13A49084E}.Release|x86.ActiveCfg = Release|Any CPU
		{763B3119-F743-445B-92D8-AAA13A49084E}.Release|x86.Build.0 = Release|Any CPU
		{AC7CBFE0-5F81-4147-8160-C5E7FE39BEF8}.Debug|Any CPU.ActiveCfg = Debug|Any CPU
		{AC7CBFE0-5F81-4147-8160-C5E7FE39BEF8}.Debug|Any CPU.Build.0 = Debug|Any CPU
		{AC7CBFE0-5F81-4147-8160-C5E7FE39BEF8}.Debug|x64.ActiveCfg = Debug|Any CPU
		{AC7CBFE0-5F81-4147-8160-C5E7FE39BEF8}.Debug|x64.Build.0 = Debug|Any CPU
		{AC7CBFE0-5F81-4147-8160-C5E7FE39BEF8}.Debug|x86.ActiveCfg = Debug|Any CPU
		{AC7CBFE0-5F81-4147-8160-C5E7FE39BEF8}.Debug|x86.Build.0 = Debug|Any CPU
		{AC7CBFE0-5F81-4147-8160-C5E7FE39BEF8}.Release|Any CPU.ActiveCfg = Release|Any CPU
		{AC7CBFE0-5F81-4147-8160-C5E7FE39BEF8}.Release|Any CPU.Build.0 = Release|Any CPU
		{AC7CBFE0-5F81-4147-8160-C5E7FE39BEF8}.Release|x64.ActiveCfg = Release|Any CPU
		{AC7CBFE0-5F81-4147-8160-C5E7FE39BEF8}.Release|x64.Build.0 = Release|Any CPU
		{AC7CBFE0-5F81-4147-8160-C5E7FE39BEF8}.Release|x86.ActiveCfg = Release|Any CPU
		{AC7CBFE0-5F81-4147-8160-C5E7FE39BEF8}.Release|x86.Build.0 = Release|Any CPU
	EndGlobalSection
	GlobalSection(SolutionProperties) = preSolution
		HideSolutionNode = FALSE
	EndGlobalSection
	GlobalSection(NestedProjects) = preSolution
		{E54C5156-A79F-F12B-3B9F-7475A4B81BB0} = {0AB3BF05-4346-4AA6-1389-037BE0695223}
		{AC7CBFE0-5F81-4147-8160-C5E7FE39BEF8} = {E54C5156-A79F-F12B-3B9F-7475A4B81BB0}
	EndGlobalSection
EndGlobal
